
Microsoft Visual Studio Solution File, Format Version 12.00
Project("{FAE04EC0-301F-11D3-BF4B-00C04F79EFBC}") = "CityBreakBooking.Web", "CityBreakBooking.Web\CityBreakBooking.Web.csproj", "{DB0D0FFF-DD2B-4733-964D-2969A8D434A2}"
EndProject
Global
	GlobalSection(SolutionConfigurationPlatforms) = preSolution
		Debug|Any CPU = Debug|Any CPU
		Release|Any CPU = Release|Any CPU
	EndGlobalSection
	GlobalSection(ProjectConfigurationPlatforms) = postSolution
		{DB0D0FFF-DD2B-4733-964D-2969A8D434A2}.Debug|Any CPU.ActiveCfg = Debug|Any CPU
		{DB0D0FFF-DD2B-4733-964D-2969A8D434A2}.Debug|Any CPU.Build.0 = Debug|Any CPU
		{DB0D0FFF-DD2B-4733-964D-2969A8D434A2}.Release|Any CPU.ActiveCfg = Release|Any CPU
		{DB0D0FFF-DD2B-4733-964D-2969A8D434A2}.Release|Any CPU.Build.0 = Release|Any CPU
	EndGlobalSection
EndGlobal
